{
  "name": "xstate-pinger",
  "version": "0.1.0",
  "lockfileVersion": 1,
  "requires": true,
  "dependencies": {
    "@types/node": {
      "version": "14.0.22",
      "resolved": "https://registry.npmjs.org/@types/node/-/node-14.0.22.tgz",
      "integrity": "sha512-emeGcJvdiZ4Z3ohbmw93E/64jRzUHAItSHt8nF7M4TGgQTiWqFVGB8KNpLGFmUHmHLvjvBgFwVlqNcq+VuGv9g==",
      "dev": true
    },
    "prettier": {
      "version": "2.0.5",
      "resolved": "https://registry.npmjs.org/prettier/-/prettier-2.0.5.tgz",
      "integrity": "sha512-7PtVymN48hGcO4fGjybyBSIWDsLU4H4XlvOHfq91pz9kkGlonzwTfYkaIEwiRg/dAJF9YlbsduBAgtYLi+8cFg==",
      "dev": true
    },
    "typescript": {
      "version": "3.9.6",
      "resolved": "https://registry.npmjs.org/typescript/-/typescript-3.9.6.tgz",
      "integrity": "sha512-Pspx3oKAPJtjNwE92YS05HQoY7z2SFyOpHo9MqJor3BXAGNaPUs83CuVp9VISFkSjyRfiTpmKuAYGJB7S7hOxw==",
      "dev": true
    },
    "xstate": {
      "version": "4.11.0",
      "resolved": "https://registry.npmjs.org/xstate/-/xstate-4.11.0.tgz",
      "integrity": "sha512-v+S3jF2YrM2tFOit8o7+4N3FuFd9IIGcIKHyfHeeNjMlmNmwuiv/IbY9uw7ECifx7H/A9aGLcxPSr0jdjTGDww=="
    }
  }
}
